
Microsoft Visual Studio Solution File, Format Version 12.00
# Visual Studio 2013
VisualStudioVersion = 12.0.21005.1
MinimumVisualStudioVersion = 10.0.40219.1
Project("{FAE04EC0-301F-11D3-BF4B-00C04F79EFBC}") = "MegaProduction", "MegaProduction\MegaProduction.csproj", "{4A2B0218-833A-4BB3-9DB8-1F6FFE016ECC}"
EndProject
Project("{FAE04EC0-301F-11D3-BF4B-00C04F79EFBC}") = "MegaProductionDBLIB", "MegaProductionDBLIB\MegaProductionDBLIB.csproj", "{59C30130-69F3-48EE-A32B-8957A81F5ECE}"
EndProject
Global
	GlobalSection(SolutionConfigurationPlatforms) = preSolution
		Debug|Any CPU = Debug|Any CPU
		Release|Any CPU = Release|Any CPU
	EndGlobalSection
	GlobalSection(ProjectConfigurationPlatforms) = postSolution
		{4A2B0218-833A-4BB3-9DB8-1F6FFE016ECC}.Debug|Any CPU.ActiveCfg = Debug|Any CPU
		{4A2B0218-833A-4BB3-9DB8-1F6FFE016ECC}.Debug|Any CPU.Build.0 = Debug|Any CPU
		{4A2B0218-833A-4BB3-9DB8-1F6FFE016ECC}.Release|Any CPU.ActiveCfg = Release|Any CPU
		{4A2B0218-833A-4BB3-9DB8-1F6FFE016ECC}.Release|Any CPU.Build.0 = Release|Any CPU
		{59C30130-69F3-48EE-A32B-8957A81F5ECE}.Debug|Any CPU.ActiveCfg = Debug|Any CPU
		{59C30130-69F3-48EE-A32B-8957A81F5ECE}.Debug|Any CPU.Build.0 = Debug|Any CPU
		{59C30130-69F3-48EE-A32B-8957A81F5ECE}.Release|Any CPU.ActiveCfg = Release|Any CPU
		{59C30130-69F3-48EE-A32B-8957A81F5ECE}.Release|Any CPU.Build.0 = Release|Any CPU
	EndGlobalSection
	GlobalSection(SolutionProperties) = preSolution
		HideSolutionNode = FALSE
	EndGlobalSection
EndGlobal
